
Microsoft Visual Studio Solution File, Format Version 12.00
Project("{FAE04EC0-301F-11D3-BF4B-00C04F79EFBC}") = "01", "01\01.csproj", "{09DAA6BD-75E0-44CF-9706-134386104204}"
EndProject
Project("{FAE04EC0-301F-11D3-BF4B-00C04F79EFBC}") = "02", "02\02.csproj", "{9A35481C-864B-460E-AED2-1D22EB7FE5BB}"
EndProject
Project("{FAE04EC0-301F-11D3-BF4B-00C04F79EFBC}") = "03", "03\03.csproj", "{04B85A3F-194E-4000-A0FB-C254ED902DE1}"
EndProject
Project("{FAE04EC0-301F-11D3-BF4B-00C04F79EFBC}") = "04", "04\04.csproj", "{B09525DC-DA92-4607-954D-4A30829FB88C}"
EndProject
Project("{FAE04EC0-301F-11D3-BF4B-00C04F79EFBC}") = "05", "05\05.csproj", "{B0A57001-CF41-445F-A9BB-BB89CD98AAE2}"
EndProject
Project("{FAE04EC0-301F-11D3-BF4B-00C04F79EFBC}") = "00", "00\00.csproj", "{7B6BCDA0-9F09-4EBD-BD69-68C438DA76C2}"
EndProject
Global
	GlobalSection(SolutionConfigurationPlatforms) = preSolution
		Debug|Any CPU = Debug|Any CPU
		Release|Any CPU = Release|Any CPU
	EndGlobalSection
	GlobalSection(ProjectConfigurationPlatforms) = postSolution
		{09DAA6BD-75E0-44CF-9706-134386104204}.Debug|Any CPU.ActiveCfg = Debug|Any CPU
		{09DAA6BD-75E0-44CF-9706-134386104204}.Debug|Any CPU.Build.0 = Debug|Any CPU
		{09DAA6BD-75E0-44CF-9706-134386104204}.Release|Any CPU.ActiveCfg = Release|Any CPU
		{09DAA6BD-75E0-44CF-9706-134386104204}.Release|Any CPU.Build.0 = Release|Any CPU
		{9A35481C-864B-460E-AED2-1D22EB7FE5BB}.Debug|Any CPU.ActiveCfg = Debug|Any CPU
		{9A35481C-864B-460E-AED2-1D22EB7FE5BB}.Debug|Any CPU.Build.0 = Debug|Any CPU
		{9A35481C-864B-460E-AED2-1D22EB7FE5BB}.Release|Any CPU.ActiveCfg = Release|Any CPU
		{9A35481C-864B-460E-AED2-1D22EB7FE5BB}.Release|Any CPU.Build.0 = Release|Any CPU
		{04B85A3F-194E-4000-A0FB-C254ED902DE1}.Debug|Any CPU.ActiveCfg = Debug|Any CPU
		{04B85A3F-194E-4000-A0FB-C254ED902DE1}.Debug|Any CPU.Build.0 = Debug|Any CPU
		{04B85A3F-194E-4000-A0FB-C254ED902DE1}.Release|Any CPU.ActiveCfg = Release|Any CPU
		{04B85A3F-194E-4000-A0FB-C254ED902DE1}.Release|Any CPU.Build.0 = Release|Any CPU
		{B09525DC-DA92-4607-954D-4A30829FB88C}.Debug|Any CPU.ActiveCfg = Debug|Any CPU
		{B09525DC-DA92-4607-954D-4A30829FB88C}.Debug|Any CPU.Build.0 = Debug|Any CPU
		{B09525DC-DA92-4607-954D-4A30829FB88C}.Release|Any CPU.ActiveCfg = Release|Any CPU
		{B09525DC-DA92-4607-954D-4A30829FB88C}.Release|Any CPU.Build.0 = Release|Any CPU
		{B0A57001-CF41-445F-A9BB-BB89CD98AAE2}.Debug|Any CPU.ActiveCfg = Debug|Any CPU
		{B0A57001-CF41-445F-A9BB-BB89CD98AAE2}.Debug|Any CPU.Build.0 = Debug|Any CPU
		{B0A57001-CF41-445F-A9BB-BB89CD98AAE2}.Release|Any CPU.ActiveCfg = Release|Any CPU
		{B0A57001-CF41-445F-A9BB-BB89CD98AAE2}.Release|Any CPU.Build.0 = Release|Any CPU
		{7B6BCDA0-9F09-4EBD-BD69-68C438DA76C2}.Debug|Any CPU.ActiveCfg = Debug|Any CPU
		{7B6BCDA0-9F09-4EBD-BD69-68C438DA76C2}.Debug|Any CPU.Build.0 = Debug|Any CPU
		{7B6BCDA0-9F09-4EBD-BD69-68C438DA76C2}.Release|Any CPU.ActiveCfg = Release|Any CPU
		{7B6BCDA0-9F09-4EBD-BD69-68C438DA76C2}.Release|Any CPU.Build.0 = Release|Any CPU
	EndGlobalSection
EndGlobal
